
Microsoft Visual Studio Solution File, Format Version 12.00
# Visual Studio Version 17
VisualStudioVersion = 17.11.35327.3
MinimumVisualStudioVersion = 10.0.40219.1
Project("{FAE04EC0-301F-11D3-BF4B-00C04F79EFBC}") = "C#Part5Assignment", "C#Part5Assignment.csproj", "{AA2F82E5-958D-4555-825E-21588BCCD52B}"
EndProject
Global
	GlobalSection(SolutionConfigurationPlatforms) = preSolution
		Debug|Any CPU = Debug|Any CPU
		Release|Any CPU = Release|Any CPU
	EndGlobalSection
	GlobalSection(ProjectConfigurationPlatforms) = postSolution
		{AA2F82E5-958D-4555-825E-21588BCCD52B}.Debug|Any CPU.ActiveCfg = Debug|Any CPU
		{AA2F82E5-958D-4555-825E-21588BCCD52B}.Debug|Any CPU.Build.0 = Debug|Any CPU
		{AA2F82E5-958D-4555-825E-21588BCCD52B}.Release|Any CPU.ActiveCfg = Release|Any CPU
		{AA2F82E5-958D-4555-825E-21588BCCD52B}.Release|Any CPU.Build.0 = Release|Any CPU
	EndGlobalSection
	GlobalSection(SolutionProperties) = preSolution
		HideSolutionNode = FALSE
	EndGlobalSection
	GlobalSection(ExtensibilityGlobals) = postSolution
		SolutionGuid = {6ACE04FE-046E-424E-9F43-C9DC90A1DF3F}
	EndGlobalSection
EndGlobal
