
Microsoft Visual Studio Solution File, Format Version 12.00
# Visual Studio Version 17
VisualStudioVersion = 17.11.35327.3
MinimumVisualStudioVersion = 10.0.40219.1
Project("{FAE04EC0-301F-11D3-BF4B-00C04F79EFBC}") = "TestProject10", "TestProject10.csproj", "{3A4F1987-5E2B-43F1-A5E6-A9AD0B2CEACB}"
EndProject
Global
	GlobalSection(SolutionConfigurationPlatforms) = preSolution
		Debug|Any CPU = Debug|Any CPU
		Release|Any CPU = Release|Any CPU
	EndGlobalSection
	GlobalSection(ProjectConfigurationPlatforms) = postSolution
		{3A4F1987-5E2B-43F1-A5E6-A9AD0B2CEACB}.Debug|Any CPU.ActiveCfg = Debug|Any CPU
		{3A4F1987-5E2B-43F1-A5E6-A9AD0B2CEACB}.Debug|Any CPU.Build.0 = Debug|Any CPU
		{3A4F1987-5E2B-43F1-A5E6-A9AD0B2CEACB}.Release|Any CPU.ActiveCfg = Release|Any CPU
		{3A4F1987-5E2B-43F1-A5E6-A9AD0B2CEACB}.Release|Any CPU.Build.0 = Release|Any CPU
	EndGlobalSection
	GlobalSection(SolutionProperties) = preSolution
		HideSolutionNode = FALSE
	EndGlobalSection
	GlobalSection(ExtensibilityGlobals) = postSolution
		SolutionGuid = {ACBBB8F0-E8C1-4A32-A926-F1633C27ADC9}
	EndGlobalSection
EndGlobal
