
Microsoft Visual Studio Solution File, Format Version 12.00
# Visual Studio Version 17
VisualStudioVersion = 17.11.35327.3
MinimumVisualStudioVersion = 10.0.40219.1
Project("{FAE04EC0-301F-11D3-BF4B-00C04F79EFBC}") = "C#Inheritance", "C#Inheritance.csproj", "{B05932FC-F4F9-48F9-A50B-6693EC631135}"
EndProject
Project("{2150E333-8FDC-42A3-9474-1A3956D46DE8}") = "Solution Items", "Solution Items", "{EA4A72C8-BF58-478B-8F59-98CFEB7C1AE1}"
EndProject
Global
	GlobalSection(SolutionConfigurationPlatforms) = preSolution
		Debug|Any CPU = Debug|Any CPU
		Release|Any CPU = Release|Any CPU
	EndGlobalSection
	GlobalSection(ProjectConfigurationPlatforms) = postSolution
		{B05932FC-F4F9-48F9-A50B-6693EC631135}.Debug|Any CPU.ActiveCfg = Debug|Any CPU
		{B05932FC-F4F9-48F9-A50B-6693EC631135}.Debug|Any CPU.Build.0 = Debug|Any CPU
		{B05932FC-F4F9-48F9-A50B-6693EC631135}.Release|Any CPU.ActiveCfg = Release|Any CPU
		{B05932FC-F4F9-48F9-A50B-6693EC631135}.Release|Any CPU.Build.0 = Release|Any CPU
	EndGlobalSection
	GlobalSection(SolutionProperties) = preSolution
		HideSolutionNode = FALSE
	EndGlobalSection
	GlobalSection(ExtensibilityGlobals) = postSolution
		SolutionGuid = {7A329F49-8C14-4E5A-83C0-8FF59A551F22}
	EndGlobalSection
EndGlobal
